{
  "requires": true,
  "lockfileVersion": 1,
  "dependencies": {
    "@emotion/is-prop-valid": {
      "version": "0.8.8",
      "resolved": "https://registry.npmjs.org/@emotion/is-prop-valid/-/is-prop-valid-0.8.8.tgz",
      "integrity": "sha512-u5WtneEAr5IDG2Wv65yhunPSMLIpuKsbuOktRojfrEiEvRyC85LgPMZI63cr7NUqT8ZIGdSVg8ZKGxIug4lXcA==",
      "requires": {
        "@emotion/memoize": "0.7.4"
      }
    },
    "@emotion/memoize": {
      "version": "0.7.4",
      "resolved": "https://registry.npmjs.org/@emotion/memoize/-/memoize-0.7.4.tgz",
      "integrity": "sha512-Ja/Vfqe3HpuzRsG1oBtWTHk2PGZ7GR+2Vz5iYGelAw8dx32K0y7PjVuxK6z1nMpZOqAFsRUPCkK1YjJ56qJlgw=="
    },
    "@emotion/unitless": {
      "version": "0.8.1",
      "resolved": "https://registry.npmjs.org/@emotion/unitless/-/unitless-0.8.1.tgz",
      "integrity": "sha512-KOEGMu6dmJZtpadb476IsZBclKvILjopjUii3V+7MnXIQCYh8W3NgNcgwo21n9LXZX6EDIKvqfjYxXebDwxKmQ=="
    },
    "@floating-ui/core": {
      "version": "1.6.7",
      "resolved": "https://registry.npmjs.org/@floating-ui/core/-/core-1.6.7.tgz",
      "integrity": "sha512-yDzVT/Lm101nQ5TCVeK65LtdN7Tj4Qpr9RTXJ2vPFLqtLxwOrpoxAHAJI8J3yYWUc40J0BDBheaitK5SJmno2g==",
      "requires": {
        "@floating-ui/utils": "^0.2.7"
      }
    },
    "@floating-ui/dom": {
      "version": "1.6.10",
      "resolved": "https://registry.npmjs.org/@floating-ui/dom/-/dom-1.6.10.tgz",
      "integrity": "sha512-fskgCFv8J8OamCmyun8MfjB1Olfn+uZKjOKZ0vhYF3gRmEUXcGOjxWL8bBr7i4kIuPZ2KD2S3EUIOxnjC8kl2A==",
      "requires": {
        "@floating-ui/core": "^1.6.0",
        "@floating-ui/utils": "^0.2.7"
      }
    },
    "@floating-ui/react": {
      "version": "0.19.0",
      "resolved": "https://registry.npmjs.org/@floating-ui/react/-/react-0.19.0.tgz",
      "integrity": "sha512-fgYvN4ksCi5OvmPXkyOT8o5a8PSKHMzPHt+9mR6KYWdF16IAjWRLZPAAziI2sznaWT23drRFrYw64wdvYqqaQw==",
      "requires": {
        "@floating-ui/react-dom": "^1.2.2",
        "aria-hidden": "^1.1.3",
        "tabbable": "^6.0.1"
      }
    },
    "@floating-ui/react-dom": {
      "version": "1.3.0",
      "resolved": "https://registry.npmjs.org/@floating-ui/react-dom/-/react-dom-1.3.0.tgz",
      "integrity": "sha512-htwHm67Ji5E/pROEAr7f8IKFShuiCKHwUC/UY4vC3I5jiSvGFAYnSYiZO5MlGmads+QqvUkR9ANHEguGrDv72g==",
      "requires": {
        "@floating-ui/dom": "^1.2.1"
      }
    },
    "@floating-ui/utils": {
      "version": "0.2.7",
      "resolved": "https://registry.npmjs.org/@floating-ui/utils/-/utils-0.2.7.tgz",
      "integrity": "sha512-X8R8Oj771YRl/w+c1HqAC1szL8zWQRwFvgDwT129k9ACdBoud/+/rX9V0qiMl6LWUdP9voC2nDVZYPMQQsb6eA=="
    },
    "@motionone/animation": {
      "version": "10.18.0",
      "resolved": "https://registry.npmjs.org/@motionone/animation/-/animation-10.18.0.tgz",
      "integrity": "sha512-9z2p5GFGCm0gBsZbi8rVMOAJCtw1WqBTIPw3ozk06gDvZInBPIsQcHgYogEJ4yuHJ+akuW8g1SEIOpTOvYs8hw==",
      "requires": {
        "@motionone/easing": "^10.18.0",
        "@motionone/types": "^10.17.1",
        "@motionone/utils": "^10.18.0",
        "tslib": "^2.3.1"
      }
    },
    "@motionone/dom": {
      "version": "10.12.0",
      "resolved": "https://registry.npmjs.org/@motionone/dom/-/dom-10.12.0.tgz",
      "integrity": "sha512-UdPTtLMAktHiqV0atOczNYyDd/d8Cf5fFsd1tua03PqTwwCe/6lwhLSQ8a7TbnQ5SN0gm44N1slBfj+ORIhrqw==",
      "requires": {
        "@motionone/animation": "^10.12.0",
        "@motionone/generators": "^10.12.0",
        "@motionone/types": "^10.12.0",
        "@motionone/utils": "^10.12.0",
        "hey-listen": "^1.0.8",
        "tslib": "^2.3.1"
      }
    },
    "@motionone/easing": {
      "version": "10.18.0",
      "resolved": "https://registry.npmjs.org/@motionone/easing/-/easing-10.18.0.tgz",
      "integrity": "sha512-VcjByo7XpdLS4o9T8t99JtgxkdMcNWD3yHU/n6CLEz3bkmKDRZyYQ/wmSf6daum8ZXqfUAgFeCZSpJZIMxaCzg==",
      "requires": {
        "@motionone/utils": "^10.18.0",
        "tslib": "^2.3.1"
      }
    },
    "@motionone/generators": {
      "version": "10.18.0",
      "resolved": "https://registry.npmjs.org/@motionone/generators/-/generators-10.18.0.tgz",
      "integrity": "sha512-+qfkC2DtkDj4tHPu+AFKVfR/C30O1vYdvsGYaR13W/1cczPrrcjdvYCj0VLFuRMN+lP1xvpNZHCRNM4fBzn1jg==",
      "requires": {
        "@motionone/types": "^10.17.1",
        "@motionone/utils": "^10.18.0",
        "tslib": "^2.3.1"
      }
    },
    "@motionone/types": {
      "version": "10.17.1",
      "resolved": "https://registry.npmjs.org/@motionone/types/-/types-10.17.1.tgz",
      "integrity": "sha512-KaC4kgiODDz8hswCrS0btrVrzyU2CSQKO7Ps90ibBVSQmjkrt2teqta6/sOG59v7+dPnKMAg13jyqtMKV2yJ7A=="
    },
    "@motionone/utils": {
      "version": "10.18.0",
      "resolved": "https://registry.npmjs.org/@motionone/utils/-/utils-10.18.0.tgz",
      "integrity": "sha512-3XVF7sgyTSI2KWvTf6uLlBJ5iAgRgmvp3bpuOiQJvInd4nZ19ET8lX5unn30SlmRH7hXbBbH+Gxd0m0klJ3Xtw==",
      "requires": {
        "@motionone/types": "^10.17.1",
        "hey-listen": "^1.0.8",
        "tslib": "^2.3.1"
      }
    },
    "@react-spring/animated": {
      "version": "9.7.4",
      "resolved": "https://registry.npmjs.org/@react-spring/animated/-/animated-9.7.4.tgz",
      "integrity": "sha512-7As+8Pty2QlemJ9O5ecsuPKjmO0NKvmVkRR1n6mEotFgWar8FKuQt2xgxz3RTgxcccghpx1YdS1FCdElQNexmQ==",
      "requires": {
        "@react-spring/shared": "~9.7.4",
        "@react-spring/types": "~9.7.4"
      }
    },
    "@react-spring/core": {
      "version": "9.7.4",
      "resolved": "https://registry.npmjs.org/@react-spring/core/-/core-9.7.4.tgz",
      "integrity": "sha512-GzjA44niEJBFUe9jN3zubRDDDP2E4tBlhNlSIkTChiNf9p4ZQlgXBg50qbXfSXHQPHak/ExYxwhipKVsQ/sUTw==",
      "requires": {
        "@react-spring/animated": "~9.7.4",
        "@react-spring/shared": "~9.7.4",
        "@react-spring/types": "~9.7.4"
      }
    },
    "@react-spring/konva": {
      "version": "9.7.4",
      "resolved": "https://registry.npmjs.org/@react-spring/konva/-/konva-9.7.4.tgz",
      "integrity": "sha512-B2IRytWM2ixifoKxE5DXTUXxNAhPsPqozrZEXXkwKhet1P2xvxXpTYrmDi0NnqTijVbAA3n1hUv8/DqqMKoI0Q==",
      "requires": {
        "@react-spring/animated": "~9.7.4",
        "@react-spring/core": "~9.7.4",
        "@react-spring/shared": "~9.7.4",
        "@react-spring/types": "~9.7.4"
      }
    },
    "@react-spring/native": {
      "version": "9.7.4",
      "resolved": "https://registry.npmjs.org/@react-spring/native/-/native-9.7.4.tgz",
      "integrity": "sha512-mBaDq8MA1O42QS1vlw06cf+GiwWZWPi0n6reZAjAfpO1mShi63uHCBcRrez8JGw2F/JSMaRQ5Ya1n5s47S3VlQ==",
      "requires": {
        "@react-spring/animated": "~9.7.4",
        "@react-spring/core": "~9.7.4",
        "@react-spring/shared": "~9.7.4",
        "@react-spring/types": "~9.7.4"
      }
    },
    "@react-spring/rafz": {
      "version": "9.7.4",
      "resolved": "https://registry.npmjs.org/@react-spring/rafz/-/rafz-9.7.4.tgz",
      "integrity": "sha512-mqDI6rW0Ca8IdryOMiXRhMtVGiEGLIO89vIOyFQXRIwwIMX30HLya24g9z4olDvFyeDW3+kibiKwtZnA4xhldA=="
    },
    "@react-spring/shared": {
      "version": "9.7.4",
      "resolved": "https://registry.npmjs.org/@react-spring/shared/-/shared-9.7.4.tgz",
      "integrity": "sha512-bEPI7cQp94dOtCFSEYpxvLxj0+xQfB5r9Ru1h8OMycsIq7zFZon1G0sHrBLaLQIWeMCllc4tVDYRTLIRv70C8w==",
      "requires": {
        "@react-spring/rafz": "~9.7.4",
        "@react-spring/types": "~9.7.4"
      }
    },
    "@react-spring/three": {
      "version": "9.7.4",
      "resolved": "https://registry.npmjs.org/@react-spring/three/-/three-9.7.4.tgz",
      "integrity": "sha512-HKUhrrvWW7F/MAroObOloqcYyFqsUHp1ANIDvPVxk9cSh7veW7gQbJm2Sc7Ka+L4gVJEwSkS+MRfr8kk+sRZBw==",
      "requires": {
        "@react-spring/animated": "~9.7.4",
        "@react-spring/core": "~9.7.4",
        "@react-spring/shared": "~9.7.4",
        "@react-spring/types": "~9.7.4"
      }
    },
    "@react-spring/types": {
      "version": "9.7.4",
      "resolved": "https://registry.npmjs.org/@react-spring/types/-/types-9.7.4.tgz",
      "integrity": "sha512-iQVztO09ZVfsletMiY+DpT/JRiBntdsdJ4uqk3UJFhrhS8mIC9ZOZbmfGSRs/kdbNPQkVyzucceDicQ/3Mlj9g=="
    },
    "@react-spring/web": {
      "version": "9.7.4",
      "resolved": "https://registry.npmjs.org/@react-spring/web/-/web-9.7.4.tgz",
      "integrity": "sha512-UMvCZp7I5HCVIleSa4BwbNxynqvj+mJjG2m20VO2yPoi2pnCYANy58flvz9v/YcXTAvsmL655FV3pm5fbr6akA==",
      "requires": {
        "@react-spring/animated": "~9.7.4",
        "@react-spring/core": "~9.7.4",
        "@react-spring/shared": "~9.7.4",
        "@react-spring/types": "~9.7.4"
      }
    },
    "@react-spring/zdog": {
      "version": "9.7.4",
      "resolved": "https://registry.npmjs.org/@react-spring/zdog/-/zdog-9.7.4.tgz",
      "integrity": "sha512-uKAzQqKXxHYyGo36EYQEIZzNB60gxQsCG6aaXO2LY5aa7kq44pJX/92D1YigOIhJ/sbfJOXYfdJC/ntvATvzCQ==",
      "requires": {
        "@react-spring/animated": "~9.7.4",
        "@react-spring/core": "~9.7.4",
        "@react-spring/shared": "~9.7.4",
        "@react-spring/types": "~9.7.4"
      }
    },
    "@types/stylis": {
      "version": "4.2.5",
      "resolved": "https://registry.npmjs.org/@types/stylis/-/stylis-4.2.5.tgz",
      "integrity": "sha512-1Xve+NMN7FWjY14vLoY5tL3BVEQ/n42YLwaqJIPYhotZ9uBHt87VceMwWQpzmdEt2TNXIorIFG+YeCUUW7RInw=="
    },
    "aria-hidden": {
      "version": "1.2.4",
      "resolved": "https://registry.npmjs.org/aria-hidden/-/aria-hidden-1.2.4.tgz",
      "integrity": "sha512-y+CcFFwelSXpLZk/7fMB2mUbGtX9lKycf1MWJ7CaTIERyitVlyQx6C+sxcROU2BAJ24OiZyK+8wj2i8AlBoS3A==",
      "requires": {
        "tslib": "^2.0.0"
      }
    },
    "bezier-easing": {
      "version": "2.1.0",
      "resolved": "https://registry.npmjs.org/bezier-easing/-/bezier-easing-2.1.0.tgz",
      "integrity": "sha512-gbIqZ/eslnUFC1tjEvtz0sgx+xTK20wDnYMIA27VA04R7w6xxXQPZDbibjA9DTWZRA2CXtwHykkVzlCaAJAZig=="
    },
    "camelize": {
      "version": "1.0.1",
      "resolved": "https://registry.npmjs.org/camelize/-/camelize-1.0.1.tgz",
      "integrity": "sha512-dU+Tx2fsypxTgtLoE36npi3UqcjSSMNYfkqgmoEhtZrraP5VWq0K7FkWVTYa8eMPtnU/G2txVsfdCJTn9uzpuQ=="
    },
    "classnames": {
      "version": "2.3.2",
      "resolved": "https://registry.npmjs.org/classnames/-/classnames-2.3.2.tgz",
      "integrity": "sha512-CSbhY4cFEJRe6/GQzIk5qXZ4Jeg5pcsP7b5peFSDpffpe1cqjASH/n9UTjBwOp6XpMSTwQ8Za2K5V02ueA7Tmw=="
    },
    "css-color-keywords": {
      "version": "1.0.0",
      "resolved": "https://registry.npmjs.org/css-color-keywords/-/css-color-keywords-1.0.0.tgz",
      "integrity": "sha512-FyyrDHZKEjXDpNJYvVsV960FiqQyXc/LlYmsxl2BcdMb2WPx0OGRVgTg55rPSyLSNMqP52R9r8geSp7apN3Ofg=="
    },
    "css-to-react-native": {
      "version": "3.2.0",
      "resolved": "https://registry.npmjs.org/css-to-react-native/-/css-to-react-native-3.2.0.tgz",
      "integrity": "sha512-e8RKaLXMOFii+02mOlqwjbD00KSEKqblnpO9e++1aXS1fPQOpS1YoqdVHBqPjHNoxeF2mimzVqawm2KCbEdtHQ==",
      "requires": {
        "camelize": "^1.0.0",
        "css-color-keywords": "^1.0.0",
        "postcss-value-parser": "^4.0.2"
      }
    },
    "csstype": {
      "version": "3.1.3",
      "resolved": "https://registry.npmjs.org/csstype/-/csstype-3.1.3.tgz",
      "integrity": "sha512-M1uQkMl8rQK/szD0LNhtqxIPLpimGm8sOBwU7lLnCpSbTyY3yeU1Vc7l4KT5zT4s/yOxHH5O7tIuuLOCnLADRw=="
    },
    "deepmerge": {
      "version": "4.2.2",
      "resolved": "https://registry.npmjs.org/deepmerge/-/deepmerge-4.2.2.tgz",
      "integrity": "sha512-FJ3UgI4gIl+PHZm53knsuSFpE+nESMr7M4v9QcgB7S63Kj/6WqMiFQJpBBYz1Pt+66bZpP3Q7Lye0Oo9MPKEdg=="
    },
    "framer-motion": {
      "version": "6.5.1",
      "resolved": "https://registry.npmjs.org/framer-motion/-/framer-motion-6.5.1.tgz",
      "integrity": "sha512-o1BGqqposwi7cgDrtg0dNONhkmPsUFDaLcKXigzuTFC5x58mE8iyTazxSudFzmT6MEyJKfjjU8ItoMe3W+3fiw==",
      "requires": {
        "@emotion/is-prop-valid": "^0.8.2",
        "@motionone/dom": "10.12.0",
        "framesync": "6.0.1",
        "hey-listen": "^1.0.8",
        "popmotion": "11.0.3",
        "style-value-types": "5.0.0",
        "tslib": "^2.1.0"
      }
    },
    "framesync": {
      "version": "6.0.1",
      "resolved": "https://registry.npmjs.org/framesync/-/framesync-6.0.1.tgz",
      "integrity": "sha512-fUY88kXvGiIItgNC7wcTOl0SNRCVXMKSWW2Yzfmn7EKNc+MpCzcz9DhdHcdjbrtN3c6R4H5dTY2jiCpPdysEjA==",
      "requires": {
        "tslib": "^2.1.0"
      }
    },
    "gsap": {
      "version": "3.12.5",
      "resolved": "https://registry.npmjs.org/gsap/-/gsap-3.12.5.tgz",
      "integrity": "sha512-srBfnk4n+Oe/ZnMIOXt3gT605BX9x5+rh/prT2F1SsNJsU1XuMiP0E2aptW481OnonOGACZWBqseH5Z7csHxhQ=="
    },
    "hey-listen": {
      "version": "1.0.8",
      "resolved": "https://registry.npmjs.org/hey-listen/-/hey-listen-1.0.8.tgz",
      "integrity": "sha512-COpmrF2NOg4TBWUJ5UVyaCU2A88wEMkUPK4hNqyCkqHbxT92BbvfjoSozkAIIm6XhicGlJHhFdullInrdhwU8Q=="
    },
    "js-tokens": {
      "version": "4.0.0",
      "resolved": "https://registry.npmjs.org/js-tokens/-/js-tokens-4.0.0.tgz",
      "integrity": "sha512-RdJUflcE3cUzKiMqQgsCu06FPu9UdIJO0beYbPhHN4k6apgJtifcoCtT9bcxOpYBtpD2kCM6Sbzg4CausW/PKQ=="
    },
    "loose-envify": {
      "version": "1.4.0",
      "resolved": "https://registry.npmjs.org/loose-envify/-/loose-envify-1.4.0.tgz",
      "integrity": "sha512-lyuxPGr/Wfhrlem2CL/UcnUc1zcqKAImBDzukY7Y5F/yQiNdko6+fRLevlw1HgMySw7f611UIY408EtxRSoK3Q==",
      "requires": {
        "js-tokens": "^3.0.0 || ^4.0.0"
      }
    },
    "material-ripple-effects": {
      "version": "2.0.1",
      "resolved": "https://registry.npmjs.org/material-ripple-effects/-/material-ripple-effects-2.0.1.tgz",
      "integrity": "sha512-hHlUkZAuXbP94lu02VgrPidbZ3hBtgXBtjlwR8APNqOIgDZMV8MCIcsclL8FmGJQHvnORyvoQgC965vPsiyXLQ=="
    },
    "nanoid": {
      "version": "3.3.7",
      "resolved": "https://registry.npmjs.org/nanoid/-/nanoid-3.3.7.tgz",
      "integrity": "sha512-eSRppjcPIatRIMC1U6UngP8XFcz8MQWGQdt1MTBQ7NaAmvXDfvNxbvWV3x2y6CdEUciCSsDHDQZbhYaB8QEo2g=="
    },
    "object-assign": {
      "version": "4.1.1",
      "resolved": "https://registry.npmjs.org/object-assign/-/object-assign-4.1.1.tgz",
      "integrity": "sha512-rJgTQnkUnH1sFw8yT6VSU3zD3sWmu6sZhIseY8VX+GRu3P6F7Fu+JNDoXfklElbLJSnc3FUQHVe4cU5hj+BcUg=="
    },
    "parallax-controller": {
      "version": "1.7.1",
      "resolved": "https://registry.npmjs.org/parallax-controller/-/parallax-controller-1.7.1.tgz",
      "integrity": "sha512-facVMEBnUynzMN7hCSqyNpF6uyCpVIl4XAUyTR9D8q2JlhgyPY6bZtj/OkFk3+Cpka1TnYCppQb8BzDWHtSaZg==",
      "requires": {
        "bezier-easing": "^2.1.0"
      }
    },
    "picocolors": {
      "version": "1.1.0",
      "resolved": "https://registry.npmjs.org/picocolors/-/picocolors-1.1.0.tgz",
      "integrity": "sha512-TQ92mBOW0l3LeMeyLV6mzy/kWr8lkd/hp3mTg7wYK7zJhuBStmGMBG0BdeDZS/dZx1IukaX6Bk11zcln25o1Aw=="
    },
    "popmotion": {
      "version": "11.0.3",
      "resolved": "https://registry.npmjs.org/popmotion/-/popmotion-11.0.3.tgz",
      "integrity": "sha512-Y55FLdj3UxkR7Vl3s7Qr4e9m0onSnP8W7d/xQLsoJM40vs6UKHFdygs6SWryasTZYqugMjm3BepCF4CWXDiHgA==",
      "requires": {
        "framesync": "6.0.1",
        "hey-listen": "^1.0.8",
        "style-value-types": "5.0.0",
        "tslib": "^2.1.0"
      }
    },
    "postcss": {
      "version": "8.4.38",
      "resolved": "https://registry.npmjs.org/postcss/-/postcss-8.4.38.tgz",
      "integrity": "sha512-Wglpdk03BSfXkHoQa3b/oulrotAkwrlLDRSOb9D0bN86FdRyE9lppSp33aHNPgBa0JKCoB+drFLZkQoRRYae5A==",
      "requires": {
        "nanoid": "^3.3.7",
        "picocolors": "^1.0.0",
        "source-map-js": "^1.2.0"
      }
    },
    "postcss-value-parser": {
      "version": "4.2.0",
      "resolved": "https://registry.npmjs.org/postcss-value-parser/-/postcss-value-parser-4.2.0.tgz",
      "integrity": "sha512-1NNCs6uurfkVbeXG4S8JFT9t19m45ICnif8zWLd5oPSZ50QnwMfK+H3jv408d4jw/7Bttv5axS5IiHoLaVNHeQ=="
    },
    "prop-types": {
      "version": "15.8.1",
      "resolved": "https://registry.npmjs.org/prop-types/-/prop-types-15.8.1.tgz",
      "integrity": "sha512-oj87CgZICdulUohogVAR7AjlC0327U4el4L6eAvOqCeudMDVU0NThNaV+b9Df4dXgSP1gXMTnPdhfe/2qDH5cg==",
      "requires": {
        "loose-envify": "^1.4.0",
        "object-assign": "^4.1.1",
        "react-is": "^16.13.1"
      }
    },
    "react": {
      "version": "18.2.0",
      "resolved": "https://registry.npmjs.org/react/-/react-18.2.0.tgz",
      "integrity": "sha512-/3IjMdb2L9QbBdWiW5e3P2/npwMBaU9mHCSCUzNln0ZCYbcfTsGbTJrU/kGemdH2IWmB2ioZ+zkxtmq6g09fGQ==",
      "requires": {
        "loose-envify": "^1.1.0"
      }
    },
    "react-dom": {
      "version": "18.2.0",
      "resolved": "https://registry.npmjs.org/react-dom/-/react-dom-18.2.0.tgz",
      "integrity": "sha512-6IMTriUmvsjHUjNtEDudZfuDQUoWXVxKHhlEGSk81n4YFS+r/Kl99wXiwlVXtPBtJenozv2P+hxDsw9eA7Xo6g==",
      "requires": {
        "loose-envify": "^1.1.0",
        "scheduler": "^0.23.0"
      }
    },
    "react-feather": {
      "version": "2.0.10",
      "resolved": "https://registry.npmjs.org/react-feather/-/react-feather-2.0.10.tgz",
      "integrity": "sha512-BLhukwJ+Z92Nmdcs+EMw6dy1Z/VLiJTzEQACDUEnWMClhYnFykJCGWQx+NmwP/qQHGX/5CzQ+TGi8ofg2+HzVQ==",
      "requires": {
        "prop-types": "^15.7.2"
      }
    },
    "react-intersection-observer": {
      "version": "9.13.1",
      "resolved": "https://registry.npmjs.org/react-intersection-observer/-/react-intersection-observer-9.13.1.tgz",
      "integrity": "sha512-tSzDaTy0qwNPLJHg8XZhlyHTgGW6drFKTtvjdL+p6um12rcnp8Z5XstE+QNBJ7c64n5o0Lj4ilUleA41bmDoMw=="
    },
    "react-is": {
      "version": "16.13.1",
      "resolved": "https://registry.npmjs.org/react-is/-/react-is-16.13.1.tgz",
      "integrity": "sha512-24e6ynE2H+OKt4kqsOvNd8kBpV65zoxbA4BVsEOB3ARVWQki/DHzaUoC5KuON/BiccDaCCTZBuOcfZs70kR8bQ=="
    },
    "react-scroll-parallax": {
      "version": "3.4.5",
      "resolved": "https://registry.npmjs.org/react-scroll-parallax/-/react-scroll-parallax-3.4.5.tgz",
      "integrity": "sha512-4NLZQ8cZEUyxoA95DfrXWneOOUSFrFmpM0dZNzMErmuJ0LzY+CCw8Xw0hqB6xxHWxNknfs46AozyIPSWkZeucA==",
      "requires": {
        "parallax-controller": "^1.7.1"
      }
    },
    "react-spring": {
      "version": "9.7.4",
      "resolved": "https://registry.npmjs.org/react-spring/-/react-spring-9.7.4.tgz",
      "integrity": "sha512-ypxdsOwmCfbDZGTBRyBo7eLjF55xNFN86e/QkflZ1Rfo8QMzVjCAWocrEEbsuFKkQAg2RRdhNkinWJ6BpCvJoQ==",
      "requires": {
        "@react-spring/core": "~9.7.4",
        "@react-spring/konva": "~9.7.4",
        "@react-spring/native": "~9.7.4",
        "@react-spring/three": "~9.7.4",
        "@react-spring/web": "~9.7.4",
        "@react-spring/zdog": "~9.7.4"
      }
    },
    "scheduler": {
      "version": "0.23.2",
      "resolved": "https://registry.npmjs.org/scheduler/-/scheduler-0.23.2.tgz",
      "integrity": "sha512-UOShsPwz7NrMUqhR6t0hWjFduvOzbtv7toDH1/hIrfRNIDBnnBWd0CwJTGvTpngVlmwGCdP9/Zl/tVrDqcuYzQ==",
      "requires": {
        "loose-envify": "^1.1.0"
      }
    },
    "shallowequal": {
      "version": "1.1.0",
      "resolved": "https://registry.npmjs.org/shallowequal/-/shallowequal-1.1.0.tgz",
      "integrity": "sha512-y0m1JoUZSlPAjXVtPPW70aZWfIL/dSP7AFkRnniLCrK/8MDKog3TySTBmckD+RObVxH0v4Tox67+F14PdED2oQ=="
    },
    "source-map-js": {
      "version": "1.2.1",
      "resolved": "https://registry.npmjs.org/source-map-js/-/source-map-js-1.2.1.tgz",
      "integrity": "sha512-UXWMKhLOwVKb728IUtQPXxfYU+usdybtUrK/8uGE8CQMvrhOpwvzDBwj0QhSL7MQc7vIsISBG8VQ8+IDQxpfQA=="
    },
    "style-value-types": {
      "version": "5.0.0",
      "resolved": "https://registry.npmjs.org/style-value-types/-/style-value-types-5.0.0.tgz",
      "integrity": "sha512-08yq36Ikn4kx4YU6RD7jWEv27v4V+PUsOGa4n/as8Et3CuODMJQ00ENeAVXAeydX4Z2j1XHZF1K2sX4mGl18fA==",
      "requires": {
        "hey-listen": "^1.0.8",
        "tslib": "^2.1.0"
      }
    },
    "styled-components": {
      "version": "6.1.13",
      "resolved": "https://registry.npmjs.org/styled-components/-/styled-components-6.1.13.tgz",
      "integrity": "sha512-M0+N2xSnAtwcVAQeFEsGWFFxXDftHUD7XrKla06QbpUMmbmtFBMMTcKWvFXtWxuD5qQkB8iU5gk6QASlx2ZRMw==",
      "requires": {
        "@emotion/is-prop-valid": "1.2.2",
        "@emotion/unitless": "0.8.1",
        "@types/stylis": "4.2.5",
        "css-to-react-native": "3.2.0",
        "csstype": "3.1.3",
        "postcss": "8.4.38",
        "shallowequal": "1.1.0",
        "stylis": "4.3.2",
        "tslib": "2.6.2"
      },
      "dependencies": {
        "@emotion/is-prop-valid": {
          "version": "1.2.2",
          "resolved": "https://registry.npmjs.org/@emotion/is-prop-valid/-/is-prop-valid-1.2.2.tgz",
          "integrity": "sha512-uNsoYd37AFmaCdXlg6EYD1KaPOaRWRByMCYzbKUX4+hhMfrxdVSelShywL4JVaAeM/eHUOSprYBQls+/neX3pw==",
          "requires": {
            "@emotion/memoize": "^0.8.1"
          }
        },
        "@emotion/memoize": {
          "version": "0.8.1",
          "resolved": "https://registry.npmjs.org/@emotion/memoize/-/memoize-0.8.1.tgz",
          "integrity": "sha512-W2P2c/VRW1/1tLox0mVUalvnWXxavmv/Oum2aPsRcoDJuob75FC3Y8FbpfLwUegRcxINtGUMPq0tFCvYNTBXNA=="
        },
        "tslib": {
          "version": "2.6.2",
          "resolved": "https://registry.npmjs.org/tslib/-/tslib-2.6.2.tgz",
          "integrity": "sha512-AEYxH93jGFPn/a2iVAwW87VuUIkR1FVUKB77NwMF7nBTDkDrrT/Hpt/IrCJ0QXhW27jTBDcf5ZY7w6RiqTMw2Q=="
        }
      }
    },
    "stylis": {
      "version": "4.3.2",
      "resolved": "https://registry.npmjs.org/stylis/-/stylis-4.3.2.tgz",
      "integrity": "sha512-bhtUjWd/z6ltJiQwg0dUfxEJ+W+jdqQd8TbWLWyeIJHlnsqmGLRFFd8e5mA0AZi/zx90smXRlN66YMTcaSFifg=="
    },
    "tabbable": {
      "version": "6.2.0",
      "resolved": "https://registry.npmjs.org/tabbable/-/tabbable-6.2.0.tgz",
      "integrity": "sha512-Cat63mxsVJlzYvN51JmVXIgNoUokrIaT2zLclCXjRd8boZ0004U4KCs/sToJ75C6sdlByWxpYnb5Boif1VSFew=="
    },
    "tailwind-merge": {
      "version": "1.8.1",
      "resolved": "https://registry.npmjs.org/tailwind-merge/-/tailwind-merge-1.8.1.tgz",
      "integrity": "sha512-+fflfPxvHFr81hTJpQ3MIwtqgvefHZFUHFiIHpVIRXvG/nX9+gu2P7JNlFu2bfDMJ+uHhi/pUgzaYacMoXv+Ww=="
    },
    "tslib": {
      "version": "2.7.0",
      "resolved": "https://registry.npmjs.org/tslib/-/tslib-2.7.0.tgz",
      "integrity": "sha512-gLXCKdN1/j47AiHiOkJN69hJmcbGTHI0ImLmbYLHykhgeN0jVGola9yVjFgzCUklsZQMW55o+dW7IXv3RCXDzA=="
    }
  }
}
